dependencies:
- name: argo-cd
  repository: https://argoproj.github.io/argo-helm
  version: 7.0.0
- name: external-dns
  repository: https://kubernetes-sigs.github.io/external-dns
  version: 1.15.0
digest: sha256:04f3788e01092d2346bef4d56ae4bb56c99a44fe57026a6cb0460bfdc6f1335e
generated: "2024-09-19T23:28:08.14779151+02:00"
